
Microsoft Visual Studio Solution File, Format Version 12.00
# Visual Studio Version 17
VisualStudioVersion = 17.11.35208.52
MinimumVisualStudioVersion = 10.0.40219.1
Project("{9A19103F-16F7-4668-BE54-9A1E7A4F7556}") = "EnelAlmonte_Ap1_P1", "EnelAlmonte_Ap1_P1.csproj", "{235725C8-2B67-4267-86CC-2A06D40B8267}"
EndProject
Global
	GlobalSection(SolutionConfigurationPlatforms) = preSolution
		Debug|Any CPU = Debug|Any CPU
		Release|Any CPU = Release|Any CPU
	EndGlobalSection
	GlobalSection(ProjectConfigurationPlatforms) = postSolution
		{235725C8-2B67-4267-86CC-2A06D40B8267}.Debug|Any CPU.ActiveCfg = Debug|Any CPU
		{235725C8-2B67-4267-86CC-2A06D40B8267}.Debug|Any CPU.Build.0 = Debug|Any CPU
		{235725C8-2B67-4267-86CC-2A06D40B8267}.Release|Any CPU.ActiveCfg = Release|Any CPU
		{235725C8-2B67-4267-86CC-2A06D40B8267}.Release|Any CPU.Build.0 = Release|Any CPU
	EndGlobalSection
	GlobalSection(SolutionProperties) = preSolution
		HideSolutionNode = FALSE
	EndGlobalSection
	GlobalSection(ExtensibilityGlobals) = postSolution
		SolutionGuid = {CF09370E-18CB-48B5-BDD6-350B167035D4}
	EndGlobalSection
EndGlobal
